PODS:
  - Capacitor (6.0.0):
    - CapacitorCordova
  - CapacitorCordova (6.0.0)

DEPENDENCIES:
  - "Capacitor (from `../node_modules/@capacitor/ios`)"
  - "CapacitorCordova (from `../node_modules/@capacitor/ios`)"

EXTERNAL SOURCES:
  Capacitor:
    :path: "../node_modules/@capacitor/ios"
  CapacitorCordova:
    :path: "../node_modules/@capacitor/ios"

SPEC CHECKSUMS:
  Capacitor: c527d208447590a004f0a4a2c42a5f361848fa8a
  CapacitorCordova: 8c4bfdf69368512e85b1d8b724dd7546abeb30af

PODFILE CHECKSUM: 19cca100b1398145ab29e2913a480cc67a0bc3ab

COCOAPODS: 1.16.2
